{
  "name": "admgmt_starter",
  "lockfileVersion": 3,
  "requires": true,
  "packages": {
    "": {
      "dependencies": {
        "@mui/x-data-grid": "^8.14.1",
        "framer-motion": "^12.23.24",
        "notistack": "^3.0.2"
      }
    },
    "node_modules/@babel/runtime": {
      "version": "7.28.4",
      "resolved": "https://registry.npmjs.org/@babel/runtime/-/runtime-7.28.4.tgz",
      "integrity": "sha512-Q/N6JNWvIvPnLDvjlE1OUBLPQHH6l3CltCEsHIujp45zQUSSh8K+gHnaEX45yAT1nyngnINhvWtzN+Nb9D8RAQ==",
      "license": "MIT",
      "engines": {
        "node": ">=6.9.0"
      }
    },
    "node_modules/@mui/types": {
      "version": "7.4.7",
      "resolved": "https://registry.npmjs.org/@mui/types/-/types-7.4.7.tgz",
      "integrity": "sha512-8vVje9rdEr1rY8oIkYgP+Su5Kwl6ik7O3jQ0wl78JGSmiZhRHV+vkjooGdKD8pbtZbutXFVTWQYshu2b3sG9zw==",
      "license": "MIT",
      "dependencies": {
        "@babel/runtime": "^7.28.4"
      },
      "peerDependencies": {
        "@types/react": "^17.0.0 || ^18.0.0 || ^19.0.0"
      },
      "peerDependenciesMeta": {
        "@types/react": {
          "optional": true
        }
      }
    },
    "node_modules/@mui/utils": {
      "version": "7.3.3",
      "resolved": "https://registry.npmjs.org/@mui/utils/-/utils-7.3.3.tgz",
      "integrity": "sha512-kwNAUh7bLZ7mRz9JZ+6qfRnnxbE4Zuc+RzXnhSpRSxjTlSTj7b4JxRLXpG+MVtPVtqks5k/XC8No1Vs3x4Z2gg==",
      "license": "MIT",
      "dependencies": {
        "@babel/runtime": "^7.28.4",
        "@mui/types": "^7.4.7",
        "@types/prop-types": "^15.7.15",
        "clsx": "^2.1.1",
        "prop-types": "^15.8.1",
        "react-is": "^19.1.1"
      },
      "engines": {
        "node": ">=14.0.0"
      },
      "funding": {
        "type": "opencollective",
        "url": "https://opencollective.com/mui-org"
      },
      "peerDependencies": {
        "@types/react": "^17.0.0 || ^18.0.0 || ^19.0.0",
        "react": "^17.0.0 || ^18.0.0 || ^19.0.0"
      },
      "peerDependenciesMeta": {
        "@types/react": {
          "optional": true
        }
      }
    },
    "node_modules/@mui/x-data-grid": {
      "version": "8.14.1",
      "resolved": "https://registry.npmjs.org/@mui/x-data-grid/-/x-data-grid-8.14.1.tgz",
      "integrity": "sha512-OY2oi61BSElXROgxZ2MPDFfnXGPyc7UbLc2ZrAryXus50XSQDYSxK0IP0pe0JyBDmZywV+5+GbV6YX7ZnlxRHw==",
      "license": "MIT",
      "dependencies": {
        "@babel/runtime": "^7.28.4",
        "@mui/utils": "^7.3.3",
        "@mui/x-internals": "8.14.0",
        "@mui/x-virtualizer": "0.2.4",
        "clsx": "^2.1.1",
        "prop-types": "^15.8.1",
        "use-sync-external-store": "^1.6.0"
      },
      "engines": {
        "node": ">=14.0.0"
      },
      "funding": {
        "type": "opencollective",
        "url": "https://opencollective.com/mui-org"
      },
      "peerDependencies": {
        "@emotion/react": "^11.9.0",
        "@emotion/styled": "^11.8.1",
        "@mui/material": "^5.15.14 || ^6.0.0 || ^7.0.0",
        "@mui/system": "^5.15.14 || ^6.0.0 || ^7.0.0",
        "react": "^17.0.0 || ^18.0.0 || ^19.0.0",
        "react-dom": "^17.0.0 || ^18.0.0 || ^19.0.0"
      },
      "peerDependenciesMeta": {
        "@emotion/react": {
          "optional": true
        },
        "@emotion/styled": {
          "optional": true
        }
      }
    },
    "node_modules/@mui/x-internals": {
      "version": "8.14.0",
      "resolved": "https://registry.npmjs.org/@mui/x-internals/-/x-internals-8.14.0.tgz",
      "integrity": "sha512-esYyl61nuuFXiN631TWuPh2tqdoyTdBI/4UXgwH3rytF8jiWvy6prPBPRHEH1nvW3fgw9FoBI48FlOO+yEI8xg==",
      "license": "MIT",
      "dependencies": {
        "@babel/runtime": "^7.28.4",
        "@mui/utils": "^7.3.3",
        "reselect": "^5.1.1",
        "use-sync-external-store": "^1.6.0"
      },
      "engines": {
        "node": ">=14.0.0"
      },
      "funding": {
        "type": "opencollective",
        "url": "https://opencollective.com/mui-org"
      },
      "peerDependencies": {
        "react": "^17.0.0 || ^18.0.0 || ^19.0.0"
      }
    },
    "node_modules/@mui/x-virtualizer": {
      "version": "0.2.4",
      "resolved": "https://registry.npmjs.org/@mui/x-virtualizer/-/x-virtualizer-0.2.4.tgz",
      "integrity": "sha512-mQ5m/hcbmrSS6ZhxltO1a3nnKGl/sh8Rz9HohyiDlUKS7I/g8+lADzhCXcsDzg9PhQXGn0B5a0VQaK8UwMi6Yw==",
      "license": "MIT",
      "dependencies": {
        "@babel/runtime": "^7.28.4",
        "@mui/utils": "^7.3.3",
        "@mui/x-internals": "8.14.0"
      },
      "engines": {
        "node": ">=14.0.0"
      },
      "funding": {
        "type": "opencollective",
        "url": "https://opencollective.com/mui-org"
      },
      "peerDependencies": {
        "react": "^17.0.0 || ^18.0.0 || ^19.0.0",
        "react-dom": "^17.0.0 || ^18.0.0 || ^19.0.0"
      }
    },
    "node_modules/@types/prop-types": {
      "version": "15.7.15",
      "resolved": "https://registry.npmjs.org/@types/prop-types/-/prop-types-15.7.15.tgz",
      "integrity": "sha512-F6bEyamV9jKGAFBEmlQnesRPGOQqS2+Uwi0Em15xenOxHaf2hv6L8YCVn3rPdPJOiJfPiCnLIRyvwVaqMY3MIw==",
      "license": "MIT"
    },
    "node_modules/clsx": {
      "version": "2.1.1",
      "resolved": "https://registry.npmjs.org/clsx/-/clsx-2.1.1.tgz",
      "integrity": "sha512-eYm0QWBtUrBWZWG0d386OGAw16Z995PiOVo2B7bjWSbHedGl5e0ZWaq65kOGgUSNesEIDkB9ISbTg/JK9dhCZA==",
      "license": "MIT",
      "engines": {
        "node": ">=6"
      }
    },
    "node_modules/framer-motion": {
      "version": "12.23.24",
      "resolved": "https://registry.npmjs.org/framer-motion/-/framer-motion-12.23.24.tgz",
      "integrity": "sha512-HMi5HRoRCTou+3fb3h9oTLyJGBxHfW+HnNE25tAXOvVx/IvwMHK0cx7IR4a2ZU6sh3IX1Z+4ts32PcYBOqka8w==",
      "license": "MIT",
      "dependencies": {
        "motion-dom": "^12.23.23",
        "motion-utils": "^12.23.6",
        "tslib": "^2.4.0"
      },
      "peerDependencies": {
        "@emotion/is-prop-valid": "*",
        "react": "^18.0.0 || ^19.0.0",
        "react-dom": "^18.0.0 || ^19.0.0"
      },
      "peerDependenciesMeta": {
        "@emotion/is-prop-valid": {
          "optional": true
        },
        "react": {
          "optional": true
        },
        "react-dom": {
          "optional": true
        }
      }
    },
    "node_modules/goober": {
      "version": "2.1.18",
      "resolved": "https://registry.npmjs.org/goober/-/goober-2.1.18.tgz",
      "integrity": "sha512-2vFqsaDVIT9Gz7N6kAL++pLpp41l3PfDuusHcjnGLfR6+huZkl6ziX+zgVC3ZxpqWhzH6pyDdGrCeDhMIvwaxw==",
      "license": "MIT",
      "peerDependencies": {
        "csstype": "^3.0.10"
      }
    },
    "node_modules/js-tokens": {
      "version": "4.0.0",
      "resolved": "https://registry.npmjs.org/js-tokens/-/js-tokens-4.0.0.tgz",
      "integrity": "sha512-RdJUflcE3cUzKiMqQgsCu06FPu9UdIJO0beYbPhHN4k6apgJtifcoCtT9bcxOpYBtpD2kCM6Sbzg4CausW/PKQ==",
      "license": "MIT"
    },
    "node_modules/loose-envify": {
      "version": "1.4.0",
      "resolved": "https://registry.npmjs.org/loose-envify/-/loose-envify-1.4.0.tgz",
      "integrity": "sha512-lyuxPGr/Wfhrlem2CL/UcnUc1zcqKAImBDzukY7Y5F/yQiNdko6+fRLevlw1HgMySw7f611UIY408EtxRSoK3Q==",
      "license": "MIT",
      "dependencies": {
        "js-tokens": "^3.0.0 || ^4.0.0"
      },
      "bin": {
        "loose-envify": "cli.js"
      }
    },
    "node_modules/motion-dom": {
      "version": "12.23.23",
      "resolved": "https://registry.npmjs.org/motion-dom/-/motion-dom-12.23.23.tgz",
      "integrity": "sha512-n5yolOs0TQQBRUFImrRfs/+6X4p3Q4n1dUEqt/H58Vx7OW6RF+foWEgmTVDhIWJIMXOuNNL0apKH2S16en9eiA==",
      "license": "MIT",
      "dependencies": {
        "motion-utils": "^12.23.6"
      }
    },
    "node_modules/motion-utils": {
      "version": "12.23.6",
      "resolved": "https://registry.npmjs.org/motion-utils/-/motion-utils-12.23.6.tgz",
      "integrity": "sha512-eAWoPgr4eFEOFfg2WjIsMoqJTW6Z8MTUCgn/GZ3VRpClWBdnbjryiA3ZSNLyxCTmCQx4RmYX6jX1iWHbenUPNQ==",
      "license": "MIT"
    },
    "node_modules/notistack": {
      "version": "3.0.2",
      "resolved": "https://registry.npmjs.org/notistack/-/notistack-3.0.2.tgz",
      "integrity": "sha512-0R+/arLYbK5Hh7mEfR2adt0tyXJcCC9KkA2hc56FeWik2QN6Bm/S4uW+BjzDARsJth5u06nTjelSw/VSnB1YEA==",
      "license": "MIT",
      "dependencies": {
        "clsx": "^1.1.0",
        "goober": "^2.0.33"
      },
      "engines": {
        "node": ">=12.0.0",
        "npm": ">=6.0.0"
      },
      "funding": {
        "type": "opencollective",
        "url": "https://opencollective.com/notistack"
      },
      "peerDependencies": {
        "react": "^17.0.0 || ^18.0.0 || ^19.0.0",
        "react-dom": "^17.0.0 || ^18.0.0 || ^19.0.0"
      }
    },
    "node_modules/notistack/node_modules/clsx": {
      "version": "1.2.1",
      "resolved": "https://registry.npmjs.org/clsx/-/clsx-1.2.1.tgz",
      "integrity": "sha512-EcR6r5a8bj6pu3ycsa/E/cKVGuTgZJZdsyUYHOksG/UHIiKfjxzRxYJpyVBwYaQeOvghal9fcc4PidlgzugAQg==",
      "license": "MIT",
      "engines": {
        "node": ">=6"
      }
    },
    "node_modules/object-assign": {
      "version": "4.1.1",
      "resolved": "https://registry.npmjs.org/object-assign/-/object-assign-4.1.1.tgz",
      "integrity": "sha512-rJgTQnkUnH1sFw8yT6VSU3zD3sWmu6sZhIseY8VX+GRu3P6F7Fu+JNDoXfklElbLJSnc3FUQHVe4cU5hj+BcUg==",
      "license": "MIT",
      "engines": {
        "node": ">=0.10.0"
      }
    },
    "node_modules/prop-types": {
      "version": "15.8.1",
      "resolved": "https://registry.npmjs.org/prop-types/-/prop-types-15.8.1.tgz",
      "integrity": "sha512-oj87CgZICdulUohogVAR7AjlC0327U4el4L6eAvOqCeudMDVU0NThNaV+b9Df4dXgSP1gXMTnPdhfe/2qDH5cg==",
      "license": "MIT",
      "dependencies": {
        "loose-envify": "^1.4.0",
        "object-assign": "^4.1.1",
        "react-is": "^16.13.1"
      }
    },
    "node_modules/prop-types/node_modules/react-is": {
      "version": "16.13.1",
      "resolved": "https://registry.npmjs.org/react-is/-/react-is-16.13.1.tgz",
      "integrity": "sha512-24e6ynE2H+OKt4kqsOvNd8kBpV65zoxbA4BVsEOB3ARVWQki/DHzaUoC5KuON/BiccDaCCTZBuOcfZs70kR8bQ==",
      "license": "MIT"
    },
    "node_modules/react-is": {
      "version": "19.2.0",
      "resolved": "https://registry.npmjs.org/react-is/-/react-is-19.2.0.tgz",
      "integrity": "sha512-x3Ax3kNSMIIkyVYhWPyO09bu0uttcAIoecO/um/rKGQ4EltYWVYtyiGkS/3xMynrbVQdS69Jhlv8FXUEZehlzA==",
      "license": "MIT"
    },
    "node_modules/reselect": {
      "version": "5.1.1",
      "resolved": "https://registry.npmjs.org/reselect/-/reselect-5.1.1.tgz",
      "integrity": "sha512-K/BG6eIky/SBpzfHZv/dd+9JBFiS4SWV7FIujVyJRux6e45+73RaUHXLmIR1f7WOMaQ0U1km6qwklRQxpJJY0w==",
      "license": "MIT"
    },
    "node_modules/tslib": {
      "version": "2.8.1",
      "resolved": "https://registry.npmjs.org/tslib/-/tslib-2.8.1.tgz",
      "integrity": "sha512-oJFu94HQb+KVduSUQL7wnpmqnfmLsOA/nAh6b6EH0wCEoK0/mPeXU6c3wKDV83MkOuHPRHtSXKKU99IBazS/2w==",
      "license": "0BSD"
    },
    "node_modules/use-sync-external-store": {
      "version": "1.6.0",
      "resolved": "https://registry.npmjs.org/use-sync-external-store/-/use-sync-external-store-1.6.0.tgz",
      "integrity": "sha512-Pp6GSwGP/NrPIrxVFAIkOQeyw8lFenOHijQWkUTrDvrF4ALqylP2C/KCkeS9dpUM3KvYRQhna5vt7IL95+ZQ9w==",
      "license": "MIT",
      "peerDependencies": {
        "react": "^16.8.0 || ^17.0.0 || ^18.0.0 || ^19.0.0"
      }
    }
  }
}
